
Microsoft Visual Studio Solution File, Format Version 12.00
# Visual Studio Version 16
VisualStudioVersion = 16.0.30413.136
MinimumVisualStudioVersion = 10.0.40219.1
Project("{FAE04EC0-301F-11D3-BF4B-00C04F79EFBC}") = "DecompressString", "DecompressString\DecompressString.csproj", "{34F4D628-9C39-4D4A-BAA5-2230076B905E}"
EndProject
Global
	GlobalSection(SolutionConfigurationPlatforms) = preSolution
		Debug|Any CPU = Debug|Any CPU
		Release|Any CPU = Release|Any CPU
	EndGlobalSection
	GlobalSection(ProjectConfigurationPlatforms) = postSolution
		{34F4D628-9C39-4D4A-BAA5-2230076B905E}.Debug|Any CPU.ActiveCfg = Debug|Any CPU
		{34F4D628-9C39-4D4A-BAA5-2230076B905E}.Debug|Any CPU.Build.0 = Debug|Any CPU
		{34F4D628-9C39-4D4A-BAA5-2230076B905E}.Release|Any CPU.ActiveCfg = Release|Any CPU
		{34F4D628-9C39-4D4A-BAA5-2230076B905E}.Release|Any CPU.Build.0 = Release|Any CPU
	EndGlobalSection
	GlobalSection(SolutionProperties) = preSolution
		HideSolutionNode = FALSE
	EndGlobalSection
	GlobalSection(ExtensibilityGlobals) = postSolution
		SolutionGuid = {4A7B2B93-70E3-45BF-9BDB-BB475102120B}
	EndGlobalSection
EndGlobal
